
Microsoft Visual Studio Solution File, Format Version 12.00
# Visual Studio Version 17
VisualStudioVersion = 17.10.34928.147
MinimumVisualStudioVersion = 10.0.40219.1
Project("{6EC3EE1D-3C4E-46DD-8F32-0CC8E7565705}") = "EtwGen", "Tools\EtwGen\EtwGen.fsproj", "{4ADDB966-BA50-4371-ABA2-BA4613934D55}"
EndProject
Project("{6EC3EE1D-3C4E-46DD-8F32-0CC8E7565705}") = "OpenEtw.Tests", "Tests\OpenEtw.Tests\OpenEtw.Tests.fsproj", "{B59CC993-DDED-4869-AE13-4BC73BDAFE4E}"
EndProject
Project("{2150E333-8FDC-42A3-9474-1A3956D46DE8}") = "Tests", "Tests", "{C00AFF16-5BEA-4597-A55A-72ABDD2265B9}"
EndProject
Project("{2150E333-8FDC-42A3-9474-1A3956D46DE8}") = "Tools", "Tools", "{81733123-E269-478F-A2AF-DFAD95F61244}"
EndProject
Project("{6EC3EE1D-3C4E-46DD-8F32-0CC8E7565705}") = "DumpEtlHeaders", "Tools\DumpEtlHeaders\DumpEtlHeaders.fsproj", "{7164948E-3974-4413-9E14-DFB1CBA57A1C}"
EndProject
Project("{6EC3EE1D-3C4E-46DD-8F32-0CC8E7565705}") = "FilterEtl", "Tools\FilterEtl\FilterEtl.fsproj", "{8BB66E4E-58C8-4D2F-90F9-E452F8171873}"
EndProject
Project("{2150E333-8FDC-42A3-9474-1A3956D46DE8}") = "Examples", "Examples", "{CFD67EFC-693B-4E29-BAFA-47D4D13B080C}"
EndProject
Project("{8BC9CEB8-8B4A-11D0-8D11-00A0C91BC942}") = "CppExample", "Examples\CppExample\CppExample.vcxproj", "{D5DA3750-D106-4755-832A-009AEBC88D37}"
	ProjectSection(ProjectDependencies) = postProject
		{4ADDB966-BA50-4371-ABA2-BA4613934D55} = {4ADDB966-BA50-4371-ABA2-BA4613934D55}
	EndProjectSection
EndProject
Project("{9A19103F-16F7-4668-BE54-9A1E7A4F7556}") = "CsNetExample", "Examples\CsExample\CsNetExample.csproj", "{C5D5EFC6-431D-49E6-B4B3-E1848AD2C05A}"
EndProject
Project("{FAE04EC0-301F-11D3-BF4B-00C04F79EFBC}") = "CsFrameworkExample", "Examples\CsFrameworkExample\CsFrameworkExample.csproj", "{3FC6E5C2-4D8D-4607-AE6A-36DEAAD4D188}"
	ProjectSection(ProjectDependencies) = postProject
		{4ADDB966-BA50-4371-ABA2-BA4613934D55} = {4ADDB966-BA50-4371-ABA2-BA4613934D55}
	EndProjectSection
EndProject
Project("{6EC3EE1D-3C4E-46DD-8F32-0CC8E7565705}") = "EtlFuzzer", "Tests\EtlFuzzer\EtlFuzzer.fsproj", "{1A678732-6191-47A3-B451-D979DF3416ED}"
EndProject
Project("{6EC3EE1D-3C4E-46DD-8F32-0CC8E7565705}") = "EtwGen.Tests", "Tests\EtwGen.Tests\EtwGen.Tests.fsproj", "{4DEE9B69-8D18-47FF-88BE-58C31BDFF14B}"
EndProject
Project("{6EC3EE1D-3C4E-46DD-8F32-0CC8E7565705}") = "OpenEtw", "OpenEtw\OpenEtw.fsproj", "{30E1A447-33C8-47B8-98C8-3CBB2EDF62A9}"
EndProject
Project("{2150E333-8FDC-42A3-9474-1A3956D46DE8}") = "Solution Items", "Solution Items", "{8EC462FD-D22E-90A8-E5CE-7E832BA40C5D}"
	ProjectSection(SolutionItems) = preProject
		.gitignore = .gitignore
		.github\workflows\ci.yml = .github\workflows\ci.yml
		Directory.Build.props = Directory.Build.props
		.github\workflows\release.yml = .github\workflows\release.yml
	EndProjectSection
EndProject
Global
	GlobalSection(SolutionConfigurationPlatforms) = preSolution
		Debug|Any CPU = Debug|Any CPU
		Debug|x64 = Debug|x64
		Debug|x86 = Debug|x86
		Release|Any CPU = Release|Any CPU
		Release|x64 = Release|x64
		Release|x86 = Release|x86
	EndGlobalSection
	GlobalSection(ProjectConfigurationPlatforms) = postSolution
		{4ADDB966-BA50-4371-ABA2-BA4613934D55}.Debug|Any CPU.ActiveCfg = Debug|Any CPU
		{4ADDB966-BA50-4371-ABA2-BA4613934D55}.Debug|Any CPU.Build.0 = Debug|Any CPU
		{4ADDB966-BA50-4371-ABA2-BA4613934D55}.Debug|x64.ActiveCfg = Debug|Any CPU
		{4ADDB966-BA50-4371-ABA2-BA4613934D55}.Debug|x64.Build.0 = Debug|Any CPU
		{4ADDB966-BA50-4371-ABA2-BA4613934D55}.Debug|x86.ActiveCfg = Debug|Any CPU
		{4ADDB966-BA50-4371-ABA2-BA4613934D55}.Debug|x86.Build.0 = Debug|Any CPU
		{4ADDB966-BA50-4371-ABA2-BA4613934D55}.Release|Any CPU.ActiveCfg = Release|Any CPU
		{4ADDB966-BA50-4371-ABA2-BA4613934D55}.Release|Any CPU.Build.0 = Release|Any CPU
		{4ADDB966-BA50-4371-ABA2-BA4613934D55}.Release|x64.ActiveCfg = Release|Any CPU
		{4ADDB966-BA50-4371-ABA2-BA4613934D55}.Release|x64.Build.0 = Release|Any CPU
		{4ADDB966-BA50-4371-ABA2-BA4613934D55}.Release|x86.ActiveCfg = Release|Any CPU
		{4ADDB966-BA50-4371-ABA2-BA4613934D55}.Release|x86.Build.0 = Release|Any CPU
		{B59CC993-DDED-4869-AE13-4BC73BDAFE4E}.Debug|Any CPU.ActiveCfg = Debug|Any CPU
		{B59CC993-DDED-4869-AE13-4BC73BDAFE4E}.Debug|Any CPU.Build.0 = Debug|Any CPU
		{B59CC993-DDED-4869-AE13-4BC73BDAFE4E}.Debug|x64.ActiveCfg = Debug|Any CPU
		{B59CC993-DDED-4869-AE13-4BC73BDAFE4E}.Debug|x64.Build.0 = Debug|Any CPU
		{B59CC993-DDED-4869-AE13-4BC73BDAFE4E}.Debug|x86.ActiveCfg = Debug|Any CPU
		{B59CC993-DDED-4869-AE13-4BC73BDAFE4E}.Debug|x86.Build.0 = Debug|Any CPU
		{B59CC993-DDED-4869-AE13-4BC73BDAFE4E}.Release|Any CPU.ActiveCfg = Release|Any CPU
		{B59CC993-DDED-4869-AE13-4BC73BDAFE4E}.Release|Any CPU.Build.0 = Release|Any CPU
		{B59CC993-DDED-4869-AE13-4BC73BDAFE4E}.Release|x64.ActiveCfg = Release|Any CPU
		{B59CC993-DDED-4869-AE13-4BC73BDAFE4E}.Release|x64.Build.0 = Release|Any CPU
		{B59CC993-DDED-4869-AE13-4BC73BDAFE4E}.Release|x86.ActiveCfg = Release|Any CPU
		{B59CC993-DDED-4869-AE13-4BC73BDAFE4E}.Release|x86.Build.0 = Release|Any CPU
		{7164948E-3974-4413-9E14-DFB1CBA57A1C}.Debug|Any CPU.ActiveCfg = Debug|Any CPU
		{7164948E-3974-4413-9E14-DFB1CBA57A1C}.Debug|Any CPU.Build.0 = Debug|Any CPU
		{7164948E-3974-4413-9E14-DFB1CBA57A1C}.Debug|x64.ActiveCfg = Debug|Any CPU
		{7164948E-3974-4413-9E14-DFB1CBA57A1C}.Debug|x64.Build.0 = Debug|Any CPU
		{7164948E-3974-4413-9E14-DFB1CBA57A1C}.Debug|x86.ActiveCfg = Debug|Any CPU
		{7164948E-3974-4413-9E14-DFB1CBA57A1C}.Debug|x86.Build.0 = Debug|Any CPU
		{7164948E-3974-4413-9E14-DFB1CBA57A1C}.Release|Any CPU.ActiveCfg = Release|Any CPU
		{7164948E-3974-4413-9E14-DFB1CBA57A1C}.Release|Any CPU.Build.0 = Release|Any CPU
		{7164948E-3974-4413-9E14-DFB1CBA57A1C}.Release|x64.ActiveCfg = Release|Any CPU
		{7164948E-3974-4413-9E14-DFB1CBA57A1C}.Release|x64.Build.0 = Release|Any CPU
		{7164948E-3974-4413-9E14-DFB1CBA57A1C}.Release|x86.ActiveCfg = Release|Any CPU
		{7164948E-3974-4413-9E14-DFB1CBA57A1C}.Release|x86.Build.0 = Release|Any CPU
		{8BB66E4E-58C8-4D2F-90F9-E452F8171873}.Debug|Any CPU.ActiveCfg = Debug|Any CPU
		{8BB66E4E-58C8-4D2F-90F9-E452F8171873}.Debug|Any CPU.Build.0 = Debug|Any CPU
		{8BB66E4E-58C8-4D2F-90F9-E452F8171873}.Debug|x64.ActiveCfg = Debug|Any CPU
		{8BB66E4E-58C8-4D2F-90F9-E452F8171873}.Debug|x64.Build.0 = Debug|Any CPU
		{8BB66E4E-58C8-4D2F-90F9-E452F8171873}.Debug|x86.ActiveCfg = Debug|Any CPU
		{8BB66E4E-58C8-4D2F-90F9-E452F8171873}.Debug|x86.Build.0 = Debug|Any CPU
		{8BB66E4E-58C8-4D2F-90F9-E452F8171873}.Release|Any CPU.ActiveCfg = Release|Any CPU
		{8BB66E4E-58C8-4D2F-90F9-E452F8171873}.Release|Any CPU.Build.0 = Release|Any CPU
		{8BB66E4E-58C8-4D2F-90F9-E452F8171873}.Release|x64.ActiveCfg = Release|Any CPU
		{8BB66E4E-58C8-4D2F-90F9-E452F8171873}.Release|x64.Build.0 = Release|Any CPU
		{8BB66E4E-58C8-4D2F-90F9-E452F8171873}.Release|x86.ActiveCfg = Release|Any CPU
		{8BB66E4E-58C8-4D2F-90F9-E452F8171873}.Release|x86.Build.0 = Release|Any CPU
		{D5DA3750-D106-4755-832A-009AEBC88D37}.Debug|Any CPU.ActiveCfg = Debug|Win32
		{D5DA3750-D106-4755-832A-009AEBC88D37}.Debug|Any CPU.Build.0 = Debug|Win32
		{D5DA3750-D106-4755-832A-009AEBC88D37}.Debug|x64.ActiveCfg = Debug|x64
		{D5DA3750-D106-4755-832A-009AEBC88D37}.Debug|x64.Build.0 = Debug|x64
		{D5DA3750-D106-4755-832A-009AEBC88D37}.Debug|x86.ActiveCfg = Debug|Win32
		{D5DA3750-D106-4755-832A-009AEBC88D37}.Debug|x86.Build.0 = Debug|Win32
		{D5DA3750-D106-4755-832A-009AEBC88D37}.Release|Any CPU.ActiveCfg = Release|Win32
		{D5DA3750-D106-4755-832A-009AEBC88D37}.Release|Any CPU.Build.0 = Release|Win32
		{D5DA3750-D106-4755-832A-009AEBC88D37}.Release|x64.ActiveCfg = Release|x64
		{D5DA3750-D106-4755-832A-009AEBC88D37}.Release|x64.Build.0 = Release|x64
		{D5DA3750-D106-4755-832A-009AEBC88D37}.Release|x86.ActiveCfg = Release|Win32
		{D5DA3750-D106-4755-832A-009AEBC88D37}.Release|x86.Build.0 = Release|Win32
		{C5D5EFC6-431D-49E6-B4B3-E1848AD2C05A}.Debug|Any CPU.ActiveCfg = Debug|Any CPU
		{C5D5EFC6-431D-49E6-B4B3-E1848AD2C05A}.Debug|Any CPU.Build.0 = Debug|Any CPU
		{C5D5EFC6-431D-49E6-B4B3-E1848AD2C05A}.Debug|x64.ActiveCfg = Debug|Any CPU
		{C5D5EFC6-431D-49E6-B4B3-E1848AD2C05A}.Debug|x64.Build.0 = Debug|Any CPU
		{C5D5EFC6-431D-49E6-B4B3-E1848AD2C05A}.Debug|x86.ActiveCfg = Debug|Any CPU
		{C5D5EFC6-431D-49E6-B4B3-E1848AD2C05A}.Debug|x86.Build.0 = Debug|Any CPU
		{C5D5EFC6-431D-49E6-B4B3-E1848AD2C05A}.Release|Any CPU.ActiveCfg = Release|Any CPU
		{C5D5EFC6-431D-49E6-B4B3-E1848AD2C05A}.Release|Any CPU.Build.0 = Release|Any CPU
		{C5D5EFC6-431D-49E6-B4B3-E1848AD2C05A}.Release|x64.ActiveCfg = Release|Any CPU
		{C5D5EFC6-431D-49E6-B4B3-E1848AD2C05A}.Release|x64.Build.0 = Release|Any CPU
		{C5D5EFC6-431D-49E6-B4B3-E1848AD2C05A}.Release|x86.ActiveCfg = Release|Any CPU
		{C5D5EFC6-431D-49E6-B4B3-E1848AD2C05A}.Release|x86.Build.0 = Release|Any CPU
		{3FC6E5C2-4D8D-4607-AE6A-36DEAAD4D188}.Debug|Any CPU.ActiveCfg = Debug|Any CPU
		{3FC6E5C2-4D8D-4607-AE6A-36DEAAD4D188}.Debug|Any CPU.Build.0 = Debug|Any CPU
		{3FC6E5C2-4D8D-4607-AE6A-36DEAAD4D188}.Debug|x64.ActiveCfg = Debug|Any CPU
		{3FC6E5C2-4D8D-4607-AE6A-36DEAAD4D188}.Debug|x64.Build.0 = Debug|Any CPU
		{3FC6E5C2-4D8D-4607-AE6A-36DEAAD4D188}.Debug|x86.ActiveCfg = Debug|Any CPU
		{3FC6E5C2-4D8D-4607-AE6A-36DEAAD4D188}.Debug|x86.Build.0 = Debug|Any CPU
		{3FC6E5C2-4D8D-4607-AE6A-36DEAAD4D188}.Release|Any CPU.ActiveCfg = Release|Any CPU
		{3FC6E5C2-4D8D-4607-AE6A-36DEAAD4D188}.Release|Any CPU.Build.0 = Release|Any CPU
		{3FC6E5C2-4D8D-4607-AE6A-36DEAAD4D188}.Release|x64.ActiveCfg = Release|Any CPU
		{3FC6E5C2-4D8D-4607-AE6A-36DEAAD4D188}.Release|x64.Build.0 = Release|Any CPU
		{3FC6E5C2-4D8D-4607-AE6A-36DEAAD4D188}.Release|x86.ActiveCfg = Release|Any CPU
		{3FC6E5C2-4D8D-4607-AE6A-36DEAAD4D188}.Release|x86.Build.0 = Release|Any CPU
		{1A678732-6191-47A3-B451-D979DF3416ED}.Debug|Any CPU.ActiveCfg = Debug|Any CPU
		{1A678732-6191-47A3-B451-D979DF3416ED}.Debug|Any CPU.Build.0 = Debug|Any CPU
		{1A678732-6191-47A3-B451-D979DF3416ED}.Debug|x64.ActiveCfg = Debug|Any CPU
		{1A678732-6191-47A3-B451-D979DF3416ED}.Debug|x64.Build.0 = Debug|Any CPU
		{1A678732-6191-47A3-B451-D979DF3416ED}.Debug|x86.ActiveCfg = Debug|Any CPU
		{1A678732-6191-47A3-B451-D979DF3416ED}.Debug|x86.Build.0 = Debug|Any CPU
		{1A678732-6191-47A3-B451-D979DF3416ED}.Release|Any CPU.ActiveCfg = Release|Any CPU
		{1A678732-6191-47A3-B451-D979DF3416ED}.Release|Any CPU.Build.0 = Release|Any CPU
		{1A678732-6191-47A3-B451-D979DF3416ED}.Release|x64.ActiveCfg = Release|Any CPU
		{1A678732-6191-47A3-B451-D979DF3416ED}.Release|x64.Build.0 = Release|Any CPU
		{1A678732-6191-47A3-B451-D979DF3416ED}.Release|x86.ActiveCfg = Release|Any CPU
		{1A678732-6191-47A3-B451-D979DF3416ED}.Release|x86.Build.0 = Release|Any CPU
		{4DEE9B69-8D18-47FF-88BE-58C31BDFF14B}.Debug|Any CPU.ActiveCfg = Debug|Any CPU
		{4DEE9B69-8D18-47FF-88BE-58C31BDFF14B}.Debug|Any CPU.Build.0 = Debug|Any CPU
		{4DEE9B69-8D18-47FF-88BE-58C31BDFF14B}.Debug|x64.ActiveCfg = Debug|Any CPU
		{4DEE9B69-8D18-47FF-88BE-58C31BDFF14B}.Debug|x64.Build.0 = Debug|Any CPU
		{4DEE9B69-8D18-47FF-88BE-58C31BDFF14B}.Debug|x86.ActiveCfg = Debug|Any CPU
		{4DEE9B69-8D18-47FF-88BE-58C31BDFF14B}.Debug|x86.Build.0 = Debug|Any CPU
		{4DEE9B69-8D18-47FF-88BE-58C31BDFF14B}.Release|Any CPU.ActiveCfg = Release|Any CPU
		{4DEE9B69-8D18-47FF-88BE-58C31BDFF14B}.Release|Any CPU.Build.0 = Release|Any CPU
		{4DEE9B69-8D18-47FF-88BE-58C31BDFF14B}.Release|x64.ActiveCfg = Release|Any CPU
		{4DEE9B69-8D18-47FF-88BE-58C31BDFF14B}.Release|x64.Build.0 = Release|Any CPU
		{4DEE9B69-8D18-47FF-88BE-58C31BDFF14B}.Release|x86.ActiveCfg = Release|Any CPU
		{4DEE9B69-8D18-47FF-88BE-58C31BDFF14B}.Release|x86.Build.0 = Release|Any CPU
		{30E1A447-33C8-47B8-98C8-3CBB2EDF62A9}.Debug|Any CPU.ActiveCfg = Debug|Any CPU
		{30E1A447-33C8-47B8-98C8-3CBB2EDF62A9}.Debug|Any CPU.Build.0 = Debug|Any CPU
		{30E1A447-33C8-47B8-98C8-3CBB2EDF62A9}.Debug|x64.ActiveCfg = Debug|Any CPU
		{30E1A447-33C8-47B8-98C8-3CBB2EDF62A9}.Debug|x64.Build.0 = Debug|Any CPU
		{30E1A447-33C8-47B8-98C8-3CBB2EDF62A9}.Debug|x86.ActiveCfg = Debug|Any CPU
		{30E1A447-33C8-47B8-98C8-3CBB2EDF62A9}.Debug|x86.Build.0 = Debug|Any CPU
		{30E1A447-33C8-47B8-98C8-3CBB2EDF62A9}.Release|Any CPU.ActiveCfg = Release|Any CPU
		{30E1A447-33C8-47B8-98C8-3CBB2EDF62A9}.Release|Any CPU.Build.0 = Release|Any CPU
		{30E1A447-33C8-47B8-98C8-3CBB2EDF62A9}.Release|x64.ActiveCfg = Release|Any CPU
		{30E1A447-33C8-47B8-98C8-3CBB2EDF62A9}.Release|x64.Build.0 = Release|Any CPU
		{30E1A447-33C8-47B8-98C8-3CBB2EDF62A9}.Release|x86.ActiveCfg = Release|Any CPU
		{30E1A447-33C8-47B8-98C8-3CBB2EDF62A9}.Release|x86.Build.0 = Release|Any CPU
	EndGlobalSection
	GlobalSection(SolutionProperties) = preSolution
		HideSolutionNode = FALSE
	EndGlobalSection
	GlobalSection(NestedProjects) = preSolution
		{4ADDB966-BA50-4371-ABA2-BA4613934D55} = {81733123-E269-478F-A2AF-DFAD95F61244}
		{B59CC993-DDED-4869-AE13-4BC73BDAFE4E} = {C00AFF16-5BEA-4597-A55A-72ABDD2265B9}
		{7164948E-3974-4413-9E14-DFB1CBA57A1C} = {81733123-E269-478F-A2AF-DFAD95F61244}
		{8BB66E4E-58C8-4D2F-90F9-E452F8171873} = {81733123-E269-478F-A2AF-DFAD95F61244}
		{D5DA3750-D106-4755-832A-009AEBC88D37} = {CFD67EFC-693B-4E29-BAFA-47D4D13B080C}
		{C5D5EFC6-431D-49E6-B4B3-E1848AD2C05A} = {CFD67EFC-693B-4E29-BAFA-47D4D13B080C}
		{3FC6E5C2-4D8D-4607-AE6A-36DEAAD4D188} = {CFD67EFC-693B-4E29-BAFA-47D4D13B080C}
		{1A678732-6191-47A3-B451-D979DF3416ED} = {C00AFF16-5BEA-4597-A55A-72ABDD2265B9}
		{4DEE9B69-8D18-47FF-88BE-58C31BDFF14B} = {C00AFF16-5BEA-4597-A55A-72ABDD2265B9}
	EndGlobalSection
	GlobalSection(ExtensibilityGlobals) = postSolution
		SolutionGuid = {C9BEE48A-3C31-4CE0-9004-F0F1C7A4DC3F}
	EndGlobalSection
EndGlobal
